// !$*UTF8*$!
{
	archiveVersion = 1;
	classes = {
	};
	objectVersion = 46;
	objects = {

/* Begin PBXBuildFile section */
		18BB11D21D6554A40033D2B0 /* AppDelegate.swift in Sources */ = {isa = PBXBuildFile; fileRef = 18BB11D11D6554A40033D2B0 /* AppDelegate.swift */; };
		18BB11D41D6554A40033D2B0 /* ViewController.swift in Sources */ = {isa = PBXBuildFile; fileRef = 18BB11D31D6554A40033D2B0 /* ViewController.swift */; };
		18BB11D71D6554A40033D2B0 /* Main.storyboard in Resources */ = {isa = PBXBuildFile; fileRef = 18BB11D51D6554A40033D2B0 /* Main.storyboard */; };
		18BB11D91D6554A40033D2B0 /* Assets.xcassets in Resources */ = {isa = PBXBuildFile; fileRef = 18BB11D81D6554A40033D2B0 /* Assets.xcassets */; };
		18BB11DC1D6554A40033D2B0 /* LaunchScreen.storyboard in Resources */ = {isa = PBXBuildFile; fileRef = 18BB11DA1D6554A40033D2B0 /* LaunchScreen.storyboard */; };
/* End PBXBuildFile section */

/* Begin PBXFileReference section */
		18BB11CE1D6554A40033D2B0 /* test-CAMediaTimingFunction.app */ = {isa = PBXFileReference; explicitFileType = wrapper.application; includeInIndex = 0; path = "test-CAMediaTimingFunction.app"; sourceTree = BUILT_PRODUCTS_DIR; };
		18BB11D11D6554A40033D2B0 /* AppDelegate.swift */ = {isa = PBXFileReference; lastKnownFileType = sourcecode.swift; path = AppDelegate.swift; sourceTree = "<group>"; };
		18BB11D31D6554A40033D2B0 /* ViewController.swift */ = {isa = PBXFileReference; lastKnownFileType = sourcecode.swift; path = ViewController.swift; sourceTree = "<group>"; };
		18BB11D61D6554A40033D2B0 /* Base */ = {isa = PBXFileReference; lastKnownFileType = file.storyboard; name = Base; path = Base.lproj/Main.storyboard; sourceTree = "<group>"; };
		18BB11D81D6554A40033D2B0 /* Assets.xcassets */ = {isa = PBXFileReference; lastKnownFileType = folder.assetcatalog; path = Assets.xcassets; sourceTree = "<group>"; };
		18BB11DB1D6554A40033D2B0 /* Base */ = {isa = PBXFileReference; lastKnownFileType = file.storyboard; name = Base; path = Base.lproj/LaunchScreen.storyboard; sourceTree = "<group>"; };
		18BB11DD1D6554A40033D2B0 /* Info.plist */ = {isa = PBXFileReference; lastKnownFileType = text.plist.xml; path = Info.plist; sourceTree = "<group>"; };
/* End PBXFileReference section */

/* Begin PBXFrameworksBuildPhase section */
		18BB11CB1D6554A40033D2B0 /* Frameworks */ = {
			isa = PBXFrameworksBuildPhase;
			buildActionMask = 2147483647;
			files = (
			);
			runOnlyForDeploymentPostprocessing = 0;
		};
/* End PBXFrameworksBuildPhase section */

/* Begin PBXGroup section */
		18BB11C51D6554A40033D2B0 = {
			isa = PBXGroup;
			children = (
				18BB11D01D6554A40033D2B0 /* test-CAMediaTimingFunction */,
				18BB11CF1D6554A40033D2B0 /* Products */,
			);
			sourceTree = "<group>";
		};
		18BB11CF1D6554A40033D2B0 /* Products */ = {
			isa = PBXGroup;
			children = (
				18BB11CE1D6554A40033D2B0 /* test-CAMediaTimingFunction.app */,
			);
			name = Products;
			sourceTree = "<group>";
		};
		18BB11D01D6554A40033D2B0 /* test-CAMediaTimingFunction */ = {
			isa = PBXGroup;
			children = (
				18BB11D11D6554A40033D2B0 /* AppDelegate.swift */,
				18BB11D31D6554A40033D2B0 /* ViewController.swift */,
				18BB11D51D6554A40033D2B0 /* Main.storyboard */,
				18BB11D81D6554A40033D2B0 /* Assets.xcassets */,
				18BB11DA1D6554A40033D2B0 /* LaunchScreen.storyboard */,
				18BB11DD1D6554A40033D2B0 /* Info.plist */,
			);
			path = "test-CAMediaTimingFunction";
			sourceTree = "<group>";
		};
/* End PBXGroup section */

/* Begin PBXNativeTarget section */
		18BB11CD1D6554A40033D2B0 /* test-CAMediaTimingFunction */ = {
			isa = PBXNativeTarget;
			buildConfigurationList = 18BB11E01D6554A40033D2B0 /* Build configuration list for PBXNativeTarget "test-CAMediaTimingFunction" */;
			buildPhases = (
				18BB11CA1D6554A40033D2B0 /* Sources */,
				18BB11CB1D6554A40033D2B0 /* Frameworks */,
				18BB11CC1D6554A40033D2B0 /* Resources */,
			);
			buildRules = (
			);
			dependencies = (
			);
			name = "test-CAMediaTimingFunction";
			productName = "test-CAMediaTimingFunction";
			productReference = 18BB11CE1D6554A40033D2B0 /* test-CAMediaTimingFunction.app */;
			productType = "com.apple.product-type.application";
		};
/* End PBXNativeTarget section */

/* Begin PBXProject section */
		18BB11C61D6554A40033D2B0 /* Project object */ = {
			isa = PBXProject;
			attributes = {
				LastSwiftUpdateCheck = 0730;
				LastUpgradeCheck = 0730;
				ORGANIZATIONNAME = huangqingsong;
				TargetAttributes = {
					18BB11CD1D6554A40033D2B0 = {
						CreatedOnToolsVersion = 7.3.1;
						DevelopmentTeam = V6E9T3LZ88;
					};
				};
			};
			buildConfigurationList = 18BB11C91D6554A40033D2B0 /* Build configuration list for PBXProject "test-CAMediaTimingFunction" */;
			compatibilityVersion = "Xcode 3.2";
			developmentRegion = English;
			hasScannedForEncodings = 0;
			knownRegions = (
				en,
				Base,
			);
			mainGroup = 18BB11C51D6554A40033D2B0;
			productRefGroup = 18BB11CF1D6554A40033D2B0 /* Products */;
			projectDirPath = "";
			projectRoot = "";
			targets = (
				18BB11CD1D6554A40033D2B0 /* test-CAMediaTimingFunction */,
			);
		};
/* End PBXProject section */

/* Begin PBXResourcesBuildPhase section */
		18BB11CC1D6554A40033D2B0 /* Resources */ = {
			isa = PBXResourcesBuildPhase;
			buildActionMask = 2147483647;
			files = (
				18BB11DC1D6554A40033D2B0 /* LaunchScreen.storyboard in Resources */,
				18BB11D91D6554A40033D2B0 /* Assets.xcassets in Resources */,
				18BB11D71D6554A40033D2B0 /* Main.storyboard in Resources */,
			);
			runOnlyForDeploymentPostprocessing = 0;
		};
/* End PBXResourcesBuildPhase section */

/* Begin PBXSourcesBuildPhase section */
		18BB11CA1D6554A40033D2B0 /* Sources */ = {
			isa = PBXSourcesBuildPhase;
			buildActionMask = 2147483647;
			files = (
				18BB11D41D6554A40033D2B0 /* ViewController.swift in Sources */,
				18BB11D21D6554A40033D2B0 /* AppDelegate.swift in Sources */,
			);
			runOnlyForDeploymentPostprocessing = 0;
		};
/* End PBXSourcesBuildPhase section */

/* Begin PBXVariantGroup section */
		18BB11D51D6554A40033D2B0 /* Main.storyboard */ = {
			isa = PBXVariantGroup;
			children = (
				18BB11D61D6554A40033D2B0 /* Base */,
			);
			name = Main.storyboard;
			sourceTree = "<group>";
		};
		18BB11DA1D6554A40033D2B0 /* LaunchScreen.storyboard */ = {
			isa = PBXVariantGroup;
			children = (
				18BB11DB1D6554A40033D2B0 /* Base */,
			);
			name = LaunchScreen.storyboard;
			sourceTree = "<group>";
		};
/* End PBXVariantGroup section */

/* Begin XCBuildConfiguration section */
		18BB11DE1D6554A40033D2B0 /* Debug */ = {
			isa = XCBuildConfiguration;
			buildSettings = {
				ALWAYS_SEARCH_USER_PATHS = NO;
				CLANG_ANALYZER_NONNULL = YES;
				CLANG_CXX_LANGUAGE_STANDARD = "gnu++0x";
				CLANG_CXX_LIBRARY = "libc++";
				CLANG_ENABLE_MODULES = YES;
				CLANG_ENABLE_OBJC_ARC = YES;
				CLANG_WARN_BOOL_CONVERSION = YES;
				CLANG_WARN_CONSTANT_CONVERSION = YES;
				CLANG_WARN_DIRECT_OBJC_ISA_USAGE = YES_ERROR;
				CLANG_WARN_EMPTY_BODY = YES;
				CLANG_WARN_ENUM_CONVERSION = YES;
				CLANG_WARN_INT_CONVERSION = YES;
				CLANG_WARN_OBJC_ROOT_CLASS = YES_ERROR;
				CLANG_WARN_UNREACHABLE_CODE = YES;
				CLANG_WARN__DUPLICATE_METHOD_MATCH = YES;
				"CODE_SIGN_IDENTITY[sdk=iphoneos*]" = "iPhone Developer";
				COPY_PHASE_STRIP = NO;
				DEBUG_INFORMATION_FORMAT = dwarf;
				ENABLE_STRICT_OBJC_MSGSEND = YES;
				ENABLE_TESTABILITY = YES;
				GCC_C_LANGUAGE_STANDARD = gnu99;
				GCC_DYNAMIC_NO_PIC = NO;
				GCC_NO_COMMON_BLOCKS = YES;
				GCC_OPTIMIZATION_LEVEL = 0;
				GCC_PREPROCESSOR_DEFINITIONS = (
					"DEBUG=1",
					"$(inherited)",
				);
				GCC_WARN_64_TO_32_BIT_CONVERSION = YES;
				GCC_WARN_ABOUT_RETURN_TYPE = YES_ERROR;
				GCC_WARN_UNDECLARED_SELECTOR = YES;
				GCC_WARN_UNINITIALIZED_AUTOS = YES_AGGRESSIVE;
				GCC_WARN_UNUSED_FUNCTION = YES;
				GCC_WARN_UNUSED_VARIABLE = YES;
				IPHONEOS_DEPLOYMENT_TARGET = 9.3;
				MTL_ENABLE_DEBUG_INFO = YES;
				ONLY_ACTIVE_ARCH = YES;
				SDKROOT = iphoneos;
				SWIFT_OPTIMIZATION_LEVEL = "-Onone";
			};
			name = Debug;
		};
		18BB11DF1D6554A40033D2B0 /* Release */ = {
			isa = XCBuildConfiguration;
			buildSettings = {
				ALWAYS_SEARCH_USER_PATHS = NO;
				CLANG_ANALYZER_NONNULL = YES;
				CLANG_CXX_LANGUAGE_STANDARD = "gnu++0x";
				CLANG_CXX_LIBRARY = "libc++";
				CLANG_ENABLE_MODULES = YES;
				CLANG_ENABLE_OBJC_ARC = YES;
				CLANG_WARN_BOOL_CONVERSION = YES;
				CLANG_WARN_CONSTANT_CONVERSION = YES;
				CLANG_WARN_DIRECT_OBJC_ISA_USAGE = YES_ERROR;
				CLANG_WARN_EMPTY_BODY = YES;
				CLANG_WARN_ENUM_CONVERSION = YES;
				CLANG_WARN_INT_CONVERSION = YES;
				CLANG_WARN_OBJC_ROOT_CLASS = YES_ERROR;
				CLANG_WARN_UNREACHABLE_CODE = YES;
				CLANG_WARN__DUPLICATE_METHOD_MATCH = YES;
				"CODE_SIGN_IDENTITY[sdk=iphoneos*]" = "iPhone Developer";
				COPY_PHASE_STRIP = NO;
				DEBUG_INFORMATION_FORMAT = "dwarf-with-dsym";
				ENABLE_NS_ASSERTIONS = NO;
				ENABLE_STRICT_OBJC_MSGSEND = YES;
				GCC_C_LANGUAGE_STANDARD = gnu99;
				GCC_NO_COMMON_BLOCKS = YES;
				GCC_WARN_64_TO_32_BIT_CONVERSION = YES;
				GCC_WARN_ABOUT_RETURN_TYPE = YES_ERROR;
				GCC_WARN_UNDECLARED_SELECTOR = YES;
				GCC_WARN_UNINITIALIZED_AUTOS = YES_AGGRESSIVE;
				GCC_WARN_UNUSED_FUNCTION = YES;
				GCC_WARN_UNUSED_VARIABLE = YES;
				IPHONEOS_DEPLOYMENT_TARGET = 9.3;
				MTL_ENABLE_DEBUG_INFO = NO;
				SDKROOT = iphoneos;
				VALIDATE_PRODUCT = YES;
			};
			name = Release;
		};
		18BB11E11D6554A40033D2B0 /* Debug */ = {
			isa = XCBuildConfiguration;
			buildSettings = {
				ASSETCATALOG_COMPILER_APPICON_NAME = AppIcon;
				INFOPLIST_FILE = "test-CAMediaTimingFunction/Info.plist";
				LD_RUNPATH_SEARCH_PATHS = "$(inherited) @executable_path/Frameworks";
				PRODUCT_BUNDLE_IDENTIFIER = "FSTM.test-CAMediaTimingFunction";
				PRODUCT_NAME = "$(TARGET_NAME)";
			};
			name = Debug;
		};
		18BB11E21D6554A40033D2B0 /* Release */ = {
			isa = XCBuildConfiguration;
			buildSettings = {
				ASSETCATALOG_COMPILER_APPICON_NAME = AppIcon;
				INFOPLIST_FILE = "test-CAMediaTimingFunction/Info.plist";
				LD_RUNPATH_SEARCH_PATHS = "$(inherited) @executable_path/Frameworks";
				PRODUCT_BUNDLE_IDENTIFIER = "FSTM.test-CAMediaTimingFunction";
				PRODUCT_NAME = "$(TARGET_NAME)";
			};
			name = Release;
		};
/* End XCBuildConfiguration section */

/* Begin XCConfigurationList section */
		18BB11C91D6554A40033D2B0 /* Build configuration list for PBXProject "test-CAMediaTimingFunction" */ = {
			isa = XCConfigurationList;
			buildConfigurations = (
				18BB11DE1D6554A40033D2B0 /* Debug */,
				18BB11DF1D6554A40033D2B0 /* Release */,
			);
			defaultConfigurationIsVisible = 0;
			defaultConfigurationName = Release;
		};
		18BB11E01D6554A40033D2B0 /* Build configuration list for PBXNativeTarget "test-CAMediaTimingFunction" */ = {
			isa = XCConfigurationList;
			buildConfigurations = (
				18BB11E11D6554A40033D2B0 /* Debug */,
				18BB11E21D6554A40033D2B0 /* Release */,
			);
			defaultConfigurationIsVisible = 0;
		};
/* End XCConfigurationList section */
	};
	rootObject = 18BB11C61D6554A40033D2B0 /* Project object */;
}
